
Microsoft Visual Studio Solution File, Format Version 12.00
# Visual Studio Version 17
VisualStudioVersion = 17.13.35806.99 d17.13
MinimumVisualStudioVersion = 10.0.40219.1
Project("{FAE04EC0-301F-11D3-BF4B-00C04F79EFBC}") = "OnlineBakeshop.API", "OnlineBakeshop.API\OnlineBakeshop.API.csproj", "{44192671-6346-4916-B2ED-440FC5A4D209}"
EndProject
Global
	GlobalSection(SolutionConfigurationPlatforms) = preSolution
		Debug|Any CPU = Debug|Any CPU
		Release|Any CPU = Release|Any CPU
	EndGlobalSection
	GlobalSection(ProjectConfigurationPlatforms) = postSolution
		{44192671-6346-4916-B2ED-440FC5A4D209}.Debug|Any CPU.ActiveCfg = Debug|Any CPU
		{44192671-6346-4916-B2ED-440FC5A4D209}.Debug|Any CPU.Build.0 = Debug|Any CPU
		{44192671-6346-4916-B2ED-440FC5A4D209}.Release|Any CPU.ActiveCfg = Release|Any CPU
		{44192671-6346-4916-B2ED-440FC5A4D209}.Release|Any CPU.Build.0 = Release|Any CPU
	EndGlobalSection
	GlobalSection(SolutionProperties) = preSolution
		HideSolutionNode = FALSE
	EndGlobalSection
	GlobalSection(ExtensibilityGlobals) = postSolution
		SolutionGuid = {70E2573F-9FC7-4528-95EF-21E1D12CAC6B}
	EndGlobalSection
EndGlobal
